<?xml version="1.0" encoding="utf-8"?>
<Project ToolsVersion="4.0" xmlns="http://schemas.microsoft.com/developer/msbuild/2003">
  <ItemGroup>
    <Filter Include="Source Files">
      <UniqueIdentifier>{4FC737F1-C7A5-4376-A066-2A32D752A2FF}</UniqueIdentifier>
      <Extensions>cpp;c;cc;cxx;c++;cppm;ixx;def;odl;idl;hpj;bat;asm;asmx</Extensions>
    </Filter>
    <Filter Include="Header Files">
      <UniqueIdentifier>{93995380-89BD-4b04-88EB-625FBE52EBFB}</UniqueIdentifier>
      <Extensions>h;hh;hpp;hxx;h++;hm;inl;inc;ipp;xsd</Extensions>
    </Filter>
    <Filter Include="Resource Files">
      <UniqueIdentifier>{67DA6AB6-F800-4c08-8B7A-83BB121AAD01}</UniqueIdentifier>
      <Extensions>rc;ico;cur;bmp;dlg;rc2;rct;bin;rgs;gif;jpg;jpeg;jpe;resx;tiff;tif;png;wav;mfcribbon-ms</Extensions>
    </Filter>
    <Filter Include="Source Files\Topological Sort">
      <UniqueIdentifier>{c30e34fd-aae3-41a4-b354-f42789596a21}</UniqueIdentifier>
    </Filter>
    <Filter Include="Source Files\Knapsack">
      <UniqueIdentifier>{b16b7201-76bd-4164-aa87-555dccdc6ef9}</UniqueIdentifier>
    </Filter>
    <Filter Include="Competitions">
      <UniqueIdentifier>{020ec250-1596-4e37-aade-a74c77296c6a}</UniqueIdentifier>
    </Filter>
    <Filter Include="Competitions\CodeJam">
      <UniqueIdentifier>{89afe9af-aee7-41fa-afc0-37aba70a18d7}</UniqueIdentifier>
    </Filter>
    <Filter Include="Competitions\CodeJam\2021">
      <UniqueIdentifier>{cef0eb74-f34e-4e3d-a1b3-100c1e9e04f8}</UniqueIdentifier>
    </Filter>
    <Filter Include="Source Files\DjikstraMaximise">
      <UniqueIdentifier>{5abea760-ebf2-410e-b489-dc522733633f}</UniqueIdentifier>
    </Filter>
  </ItemGroup>
  <ItemGroup>
    <ClCompile Include="HelloWorldC++.cpp">
      <Filter>Source Files</Filter>
    </ClCompile>
    <ClCompile Include="LCS.cpp">
      <Filter>Source Files</Filter>
    </ClCompile>
    <ClCompile Include="GCD.cpp">
      <Filter>Source Files</Filter>
    </ClCompile>
    <ClCompile Include="PrimeNumbersSieve.cpp">
      <Filter>Source Files</Filter>
    </ClCompile>
    <ClCompile Include="DFSDPTopologicalSortDAG.cpp">
      <Filter>Source Files\Topological Sort</Filter>
    </ClCompile>
    <ClCompile Include="KahnTopologicalSortDAG.cpp">
      <Filter>Source Files\Topological Sort</Filter>
    </ClCompile>
    <ClCompile Include="Knapsack.cpp">
      <Filter>Source Files\Knapsack</Filter>
    </ClCompile>
    <ClCompile Include="1C.cpp">
      <Filter>Competitions\CodeJam\2021</Filter>
    </ClCompile>
    <ClCompile Include="MaximiseProbabilityDjikstra.cpp">
      <Filter>Source Files\DjikstraMaximise</Filter>
    </ClCompile>
  </ItemGroup>
  <ItemGroup>
    <ClInclude Include="AllHeaders.h">
      <Filter>Header Files</Filter>
    </ClInclude>
  </ItemGroup>
</Project>